
Microsoft Visual Studio Solution File, Format Version 12.00
# Visual Studio Version 17
VisualStudioVersion = 17.0.31903.59
MinimumVisualStudioVersion = 10.0.40219.1
Project("{FAE04EC0-301F-11D3-BF4B-00C04F79EFBC}") = "SpatialViewer.Core", "src\SpatialViewer.Core\SpatialViewer.Core.csproj", "{C250E2E0-D8BE-456D-939D-1BD4AB667F01}"
EndProject
Project("{FAE04EC0-301F-11D3-BF4B-00C04F79EFBC}") = "SpatialViewer.Rendering", "src\SpatialViewer.Rendering\SpatialViewer.Rendering.csproj", "{2EC401C2-3A99-4F5F-B89D-89F388C1F002}"
EndProject
Project("{FAE04EC0-301F-11D3-BF4B-00C04F79EFBC}") = "SpatialViewer.Rendering.Windows", "src\SpatialViewer.Rendering.Windows\SpatialViewer.Rendering.Windows.csproj", "{13AA370A-5096-4AE4-A670-C42EFB6F3003}"
EndProject
Project("{FAE04EC0-301F-11D3-BF4B-00C04F79EFBC}") = "SpatialViewer.DebugHost", "src\SpatialViewer.DebugHost\SpatialViewer.DebugHost.csproj", "{4D3F2B9E-1953-4B9A-9693-78EAB8967004}"
EndProject
Project("{FAE04EC0-301F-11D3-BF4B-00C04F79EFBC}") = "SpatialViewer.Core.Tests", "tests\SpatialViewer.Core.Tests\SpatialViewer.Core.Tests.csproj", "{A5F123B2-98A7-4338-B0FE-032C5B5D1005}"
EndProject
Project("{FAE04EC0-301F-11D3-BF4B-00C04F79EFBC}") = "SpatialViewer.Rendering.Tests", "tests\SpatialViewer.Rendering.Tests\SpatialViewer.Rendering.Tests.csproj", "{B62BE69D-0B3F-45EC-B1CD-339C6BEA2006}"
EndProject
Project("{FAE04EC0-301F-11D3-BF4B-00C04F79EFBC}") = "SpatialViewer.IntegrationTests", "tests\SpatialViewer.IntegrationTests\SpatialViewer.IntegrationTests.csproj", "{C72EC07F-C748-4AF7-A0AB-23407D5F3007}"
EndProject
Project("{FAE04EC0-301F-11D3-BF4B-00C04F79EFBC}") = "SpatialViewer.Benchmarks", "benchmarks\SpatialViewer.Benchmarks\SpatialViewer.Benchmarks.csproj", "{D87EB8A0-1B69-401D-9A32-6EA41BF84008}"
EndProject
Project("{FAE04EC0-301F-11D3-BF4B-00C04F79EFBC}") = "SpatialViewer.Formats.Cad", "src\SpatialViewer.Formats.Cad\SpatialViewer.Formats.Cad.csproj", "{E98FC9B1-40A0-4B57-BCF9-7F7ACF950009}"
EndProject
Project("{FAE04EC0-301F-11D3-BF4B-00C04F79EFBC}") = "SpatialViewer.Formats.Cad.ACadSharp", "src\SpatialViewer.Formats.Cad.ACadSharp\SpatialViewer.Formats.Cad.ACadSharp.csproj", "{F1A0C4D2-2110-4C72-B12A-58F2E11A0010}"
EndProject
Project("{FAE04EC0-301F-11D3-BF4B-00C04F79EFBC}") = "SpatialViewer.Cad.Tests", "tests\SpatialViewer.Cad.Tests\SpatialViewer.Cad.Tests.csproj", "{A2B1D3E4-5220-4AA2-94F2-2195D2AB0011}"
EndProject
Project("{2150E333-8FDC-42A3-9474-1A3956D46DE8}") = "src", "src", "{827E0CD3-B72D-47B6-A68D-7590B98EB39B}"
EndProject
Project("{FAE04EC0-301F-11D3-BF4B-00C04F79EFBC}") = "SpatialViewer.Presentation", "src\SpatialViewer.Presentation\SpatialViewer.Presentation.csproj", "{9649C4D4-A883-40D4-B0BF-565911596468}"
EndProject
Project("{FAE04EC0-301F-11D3-BF4B-00C04F79EFBC}") = "SpatialViewer.App", "src\SpatialViewer.App\SpatialViewer.App.csproj", "{A506A654-2CDF-4DDA-9A4E-2664F34A1744}"
EndProject
Project("{2150E333-8FDC-42A3-9474-1A3956D46DE8}") = "tests", "tests", "{0AB3BF05-4346-4AA6-1389-037BE0695223}"
EndProject
Project("{FAE04EC0-301F-11D3-BF4B-00C04F79EFBC}") = "SpatialViewer.Presentation.Tests", "tests\SpatialViewer.Presentation.Tests\SpatialViewer.Presentation.Tests.csproj", "{7BDF0AA1-6E3D-4CD4-9D8E-C4CDB6C13FC7}"
EndProject
Global
	GlobalSection(SolutionConfigurationPlatforms) = preSolution
		Debug|Any CPU = Debug|Any CPU
		Debug|x64 = Debug|x64
		Debug|x86 = Debug|x86
		Release|Any CPU = Release|Any CPU
		Release|x64 = Release|x64
		Release|x86 = Release|x86
	EndGlobalSection
	GlobalSection(ProjectConfigurationPlatforms) = postSolution
		{C250E2E0-D8BE-456D-939D-1BD4AB667F01}.Debug|Any CPU.ActiveCfg = Debug|Any CPU
		{C250E2E0-D8BE-456D-939D-1BD4AB667F01}.Debug|Any CPU.Build.0 = Debug|Any CPU
		{C250E2E0-D8BE-456D-939D-1BD4AB667F01}.Debug|x64.ActiveCfg = Debug|Any CPU
		{C250E2E0-D8BE-456D-939D-1BD4AB667F01}.Debug|x64.Build.0 = Debug|Any CPU
		{C250E2E0-D8BE-456D-939D-1BD4AB667F01}.Debug|x86.ActiveCfg = Debug|Any CPU
		{C250E2E0-D8BE-456D-939D-1BD4AB667F01}.Debug|x86.Build.0 = Debug|Any CPU
		{C250E2E0-D8BE-456D-939D-1BD4AB667F01}.Release|Any CPU.ActiveCfg = Release|Any CPU
		{C250E2E0-D8BE-456D-939D-1BD4AB667F01}.Release|Any CPU.Build.0 = Release|Any CPU
		{C250E2E0-D8BE-456D-939D-1BD4AB667F01}.Release|x64.ActiveCfg = Release|Any CPU
		{C250E2E0-D8BE-456D-939D-1BD4AB667F01}.Release|x64.Build.0 = Release|Any CPU
		{C250E2E0-D8BE-456D-939D-1BD4AB667F01}.Release|x86.ActiveCfg = Release|Any CPU
		{C250E2E0-D8BE-456D-939D-1BD4AB667F01}.Release|x86.Build.0 = Release|Any CPU
		{2EC401C2-3A99-4F5F-B89D-89F388C1F002}.Debug|Any CPU.ActiveCfg = Debug|Any CPU
		{2EC401C2-3A99-4F5F-B89D-89F388C1F002}.Debug|Any CPU.Build.0 = Debug|Any CPU
		{2EC401C2-3A99-4F5F-B89D-89F388C1F002}.Debug|x64.ActiveCfg = Debug|Any CPU
		{2EC401C2-3A99-4F5F-B89D-89F388C1F002}.Debug|x64.Build.0 = Debug|Any CPU
		{2EC401C2-3A99-4F5F-B89D-89F388C1F002}.Debug|x86.ActiveCfg = Debug|Any CPU
		{2EC401C2-3A99-4F5F-B89D-89F388C1F002}.Debug|x86.Build.0 = Debug|Any CPU
		{2EC401C2-3A99-4F5F-B89D-89F388C1F002}.Release|Any CPU.ActiveCfg = Release|Any CPU
		{2EC401C2-3A99-4F5F-B89D-89F388C1F002}.Release|Any CPU.Build.0 = Release|Any CPU
		{2EC401C2-3A99-4F5F-B89D-89F388C1F002}.Release|x64.ActiveCfg = Release|Any CPU
		{2EC401C2-3A99-4F5F-B89D-89F388C1F002}.Release|x64.Build.0 = Release|Any CPU
		{2EC401C2-3A99-4F5F-B89D-89F388C1F002}.Release|x86.ActiveCfg = Release|Any CPU
		{2EC401C2-3A99-4F5F-B89D-89F388C1F002}.Release|x86.Build.0 = Release|Any CPU
		{13AA370A-5096-4AE4-A670-C42EFB6F3003}.Debug|Any CPU.ActiveCfg = Debug|Any CPU
		{13AA370A-5096-4AE4-A670-C42EFB6F3003}.Debug|Any CPU.Build.0 = Debug|Any CPU
		{13AA370A-5096-4AE4-A670-C42EFB6F3003}.Debug|x64.ActiveCfg = Debug|Any CPU
		{13AA370A-5096-4AE4-A670-C42EFB6F3003}.Debug|x64.Build.0 = Debug|Any CPU
		{13AA370A-5096-4AE4-A670-C42EFB6F3003}.Debug|x86.ActiveCfg = Debug|Any CPU
		{13AA370A-5096-4AE4-A670-C42EFB6F3003}.Debug|x86.Build.0 = Debug|Any CPU
		{13AA370A-5096-4AE4-A670-C42EFB6F3003}.Release|Any CPU.ActiveCfg = Release|Any CPU
		{13AA370A-5096-4AE4-A670-C42EFB6F3003}.Release|Any CPU.Build.0 = Release|Any CPU
		{13AA370A-5096-4AE4-A670-C42EFB6F3003}.Release|x64.ActiveCfg = Release|Any CPU
		{13AA370A-5096-4AE4-A670-C42EFB6F3003}.Release|x64.Build.0 = Release|Any CPU
		{13AA370A-5096-4AE4-A670-C42EFB6F3003}.Release|x86.ActiveCfg = Release|Any CPU
		{13AA370A-5096-4AE4-A670-C42EFB6F3003}.Release|x86.Build.0 = Release|Any CPU
		{4D3F2B9E-1953-4B9A-9693-78EAB8967004}.Debug|Any CPU.ActiveCfg = Debug|Any CPU
		{4D3F2B9E-1953-4B9A-9693-78EAB8967004}.Debug|Any CPU.Build.0 = Debug|Any CPU
		{4D3F2B9E-1953-4B9A-9693-78EAB8967004}.Debug|x64.ActiveCfg = Debug|Any CPU
		{4D3F2B9E-1953-4B9A-9693-78EAB8967004}.Debug|x64.Build.0 = Debug|Any CPU
		{4D3F2B9E-1953-4B9A-9693-78EAB8967004}.Debug|x86.ActiveCfg = Debug|Any CPU
		{4D3F2B9E-1953-4B9A-9693-78EAB8967004}.Debug|x86.Build.0 = Debug|Any CPU
		{4D3F2B9E-1953-4B9A-9693-78EAB8967004}.Release|Any CPU.ActiveCfg = Release|Any CPU
		{4D3F2B9E-1953-4B9A-9693-78EAB8967004}.Release|Any CPU.Build.0 = Release|Any CPU
		{4D3F2B9E-1953-4B9A-9693-78EAB8967004}.Release|x64.ActiveCfg = Release|Any CPU
		{4D3F2B9E-1953-4B9A-9693-78EAB8967004}.Release|x64.Build.0 = Release|Any CPU
		{4D3F2B9E-1953-4B9A-9693-78EAB8967004}.Release|x86.ActiveCfg = Release|Any CPU
		{4D3F2B9E-1953-4B9A-9693-78EAB8967004}.Release|x86.Build.0 = Release|Any CPU
		{A5F123B2-98A7-4338-B0FE-032C5B5D1005}.Debug|Any CPU.ActiveCfg = Debug|Any CPU
		{A5F123B2-98A7-4338-B0FE-032C5B5D1005}.Debug|Any CPU.Build.0 = Debug|Any CPU
		{A5F123B2-98A7-4338-B0FE-032C5B5D1005}.Debug|x64.ActiveCfg = Debug|Any CPU
		{A5F123B2-98A7-4338-B0FE-032C5B5D1005}.Debug|x64.Build.0 = Debug|Any CPU
		{A5F123B2-98A7-4338-B0FE-032C5B5D1005}.Debug|x86.ActiveCfg = Debug|Any CPU
		{A5F123B2-98A7-4338-B0FE-032C5B5D1005}.Debug|x86.Build.0 = Debug|Any CPU
		{A5F123B2-98A7-4338-B0FE-032C5B5D1005}.Release|Any CPU.ActiveCfg = Release|Any CPU
		{A5F123B2-98A7-4338-B0FE-032C5B5D1005}.Release|Any CPU.Build.0 = Release|Any CPU
		{A5F123B2-98A7-4338-B0FE-032C5B5D1005}.Release|x64.ActiveCfg = Release|Any CPU
		{A5F123B2-98A7-4338-B0FE-032C5B5D1005}.Release|x64.Build.0 = Release|Any CPU
		{A5F123B2-98A7-4338-B0FE-032C5B5D1005}.Release|x86.ActiveCfg = Release|Any CPU
		{A5F123B2-98A7-4338-B0FE-032C5B5D1005}.Release|x86.Build.0 = Release|Any CPU
		{B62BE69D-0B3F-45EC-B1CD-339C6BEA2006}.Debug|Any CPU.ActiveCfg = Debug|Any CPU
		{B62BE69D-0B3F-45EC-B1CD-339C6BEA2006}.Debug|Any CPU.Build.0 = Debug|Any CPU
		{B62BE69D-0B3F-45EC-B1CD-339C6BEA2006}.Debug|x64.ActiveCfg = Debug|Any CPU
		{B62BE69D-0B3F-45EC-B1CD-339C6BEA2006}.Debug|x64.Build.0 = Debug|Any CPU
		{B62BE69D-0B3F-45EC-B1CD-339C6BEA2006}.Debug|x86.ActiveCfg = Debug|Any CPU
		{B62BE69D-0B3F-45EC-B1CD-339C6BEA2006}.Debug|x86.Build.0 = Debug|Any CPU
		{B62BE69D-0B3F-45EC-B1CD-339C6BEA2006}.Release|Any CPU.ActiveCfg = Release|Any CPU
		{B62BE69D-0B3F-45EC-B1CD-339C6BEA2006}.Release|Any CPU.Build.0 = Release|Any CPU
		{B62BE69D-0B3F-45EC-B1CD-339C6BEA2006}.Release|x64.ActiveCfg = Release|Any CPU
		{B62BE69D-0B3F-45EC-B1CD-339C6BEA2006}.Release|x64.Build.0 = Release|Any CPU
		{B62BE69D-0B3F-45EC-B1CD-339C6BEA2006}.Release|x86.ActiveCfg = Release|Any CPU
		{B62BE69D-0B3F-45EC-B1CD-339C6BEA2006}.Release|x86.Build.0 = Release|Any CPU
		{C72EC07F-C748-4AF7-A0AB-23407D5F3007}.Debug|Any CPU.ActiveCfg = Debug|Any CPU
		{C72EC07F-C748-4AF7-A0AB-23407D5F3007}.Debug|Any CPU.Build.0 = Debug|Any CPU
		{C72EC07F-C748-4AF7-A0AB-23407D5F3007}.Debug|x64.ActiveCfg = Debug|Any CPU
		{C72EC07F-C748-4AF7-A0AB-23407D5F3007}.Debug|x64.Build.0 = Debug|Any CPU
		{C72EC07F-C748-4AF7-A0AB-23407D5F3007}.Debug|x86.ActiveCfg = Debug|Any CPU
		{C72EC07F-C748-4AF7-A0AB-23407D5F3007}.Debug|x86.Build.0 = Debug|Any CPU
		{C72EC07F-C748-4AF7-A0AB-23407D5F3007}.Release|Any CPU.ActiveCfg = Release|Any CPU
		{C72EC07F-C748-4AF7-A0AB-23407D5F3007}.Release|Any CPU.Build.0 = Release|Any CPU
		{C72EC07F-C748-4AF7-A0AB-23407D5F3007}.Release|x64.ActiveCfg = Release|Any CPU
		{C72EC07F-C748-4AF7-A0AB-23407D5F3007}.Release|x64.Build.0 = Release|Any CPU
		{C72EC07F-C748-4AF7-A0AB-23407D5F3007}.Release|x86.ActiveCfg = Release|Any CPU
		{C72EC07F-C748-4AF7-A0AB-23407D5F3007}.Release|x86.Build.0 = Release|Any CPU
		{D87EB8A0-1B69-401D-9A32-6EA41BF84008}.Debug|Any CPU.ActiveCfg = Debug|Any CPU
		{D87EB8A0-1B69-401D-9A32-6EA41BF84008}.Debug|Any CPU.Build.0 = Debug|Any CPU
		{D87EB8A0-1B69-401D-9A32-6EA41BF84008}.Debug|x64.ActiveCfg = Debug|Any CPU
		{D87EB8A0-1B69-401D-9A32-6EA41BF84008}.Debug|x64.Build.0 = Debug|Any CPU
		{D87EB8A0-1B69-401D-9A32-6EA41BF84008}.Debug|x86.ActiveCfg = Debug|Any CPU
		{D87EB8A0-1B69-401D-9A32-6EA41BF84008}.Debug|x86.Build.0 = Debug|Any CPU
		{D87EB8A0-1B69-401D-9A32-6EA41BF84008}.Release|Any CPU.ActiveCfg = Release|Any CPU
		{D87EB8A0-1B69-401D-9A32-6EA41BF84008}.Release|Any CPU.Build.0 = Release|Any CPU
		{D87EB8A0-1B69-401D-9A32-6EA41BF84008}.Release|x64.ActiveCfg = Release|Any CPU
		{D87EB8A0-1B69-401D-9A32-6EA41BF84008}.Release|x64.Build.0 = Release|Any CPU
		{D87EB8A0-1B69-401D-9A32-6EA41BF84008}.Release|x86.ActiveCfg = Release|Any CPU
		{D87EB8A0-1B69-401D-9A32-6EA41BF84008}.Release|x86.Build.0 = Release|Any CPU
		{E98FC9B1-40A0-4B57-BCF9-7F7ACF950009}.Debug|Any CPU.ActiveCfg = Debug|Any CPU
		{E98FC9B1-40A0-4B57-BCF9-7F7ACF950009}.Debug|Any CPU.Build.0 = Debug|Any CPU
		{E98FC9B1-40A0-4B57-BCF9-7F7ACF950009}.Debug|x64.ActiveCfg = Debug|Any CPU
		{E98FC9B1-40A0-4B57-BCF9-7F7ACF950009}.Debug|x64.Build.0 = Debug|Any CPU
		{E98FC9B1-40A0-4B57-BCF9-7F7ACF950009}.Debug|x86.ActiveCfg = Debug|Any CPU
		{E98FC9B1-40A0-4B57-BCF9-7F7ACF950009}.Debug|x86.Build.0 = Debug|Any CPU
		{E98FC9B1-40A0-4B57-BCF9-7F7ACF950009}.Release|Any CPU.ActiveCfg = Release|Any CPU
		{E98FC9B1-40A0-4B57-BCF9-7F7ACF950009}.Release|Any CPU.Build.0 = Release|Any CPU
		{E98FC9B1-40A0-4B57-BCF9-7F7ACF950009}.Release|x64.ActiveCfg = Release|Any CPU
		{E98FC9B1-40A0-4B57-BCF9-7F7ACF950009}.Release|x64.Build.0 = Release|Any CPU
		{E98FC9B1-40A0-4B57-BCF9-7F7ACF950009}.Release|x86.ActiveCfg = Release|Any CPU
		{E98FC9B1-40A0-4B57-BCF9-7F7ACF950009}.Release|x86.Build.0 = Release|Any CPU
		{F1A0C4D2-2110-4C72-B12A-58F2E11A0010}.Debug|Any CPU.ActiveCfg = Debug|Any CPU
		{F1A0C4D2-2110-4C72-B12A-58F2E11A0010}.Debug|Any CPU.Build.0 = Debug|Any CPU
		{F1A0C4D2-2110-4C72-B12A-58F2E11A0010}.Debug|x64.ActiveCfg = Debug|Any CPU
		{F1A0C4D2-2110-4C72-B12A-58F2E11A0010}.Debug|x64.Build.0 = Debug|Any CPU
		{F1A0C4D2-2110-4C72-B12A-58F2E11A0010}.Debug|x86.ActiveCfg = Debug|Any CPU
		{F1A0C4D2-2110-4C72-B12A-58F2E11A0010}.Debug|x86.Build.0 = Debug|Any CPU
		{F1A0C4D2-2110-4C72-B12A-58F2E11A0010}.Release|Any CPU.ActiveCfg = Release|Any CPU
		{F1A0C4D2-2110-4C72-B12A-58F2E11A0010}.Release|Any CPU.Build.0 = Release|Any CPU
		{F1A0C4D2-2110-4C72-B12A-58F2E11A0010}.Release|x64.ActiveCfg = Release|Any CPU
		{F1A0C4D2-2110-4C72-B12A-58F2E11A0010}.Release|x64.Build.0 = Release|Any CPU
		{F1A0C4D2-2110-4C72-B12A-58F2E11A0010}.Release|x86.ActiveCfg = Release|Any CPU
		{F1A0C4D2-2110-4C72-B12A-58F2E11A0010}.Release|x86.Build.0 = Release|Any CPU
		{A2B1D3E4-5220-4AA2-94F2-2195D2AB0011}.Debug|Any CPU.ActiveCfg = Debug|Any CPU
		{A2B1D3E4-5220-4AA2-94F2-2195D2AB0011}.Debug|Any CPU.Build.0 = Debug|Any CPU
		{A2B1D3E4-5220-4AA2-94F2-2195D2AB0011}.Debug|x64.ActiveCfg = Debug|Any CPU
		{A2B1D3E4-5220-4AA2-94F2-2195D2AB0011}.Debug|x64.Build.0 = Debug|Any CPU
		{A2B1D3E4-5220-4AA2-94F2-2195D2AB0011}.Debug|x86.ActiveCfg = Debug|Any CPU
		{A2B1D3E4-5220-4AA2-94F2-2195D2AB0011}.Debug|x86.Build.0 = Debug|Any CPU
		{A2B1D3E4-5220-4AA2-94F2-2195D2AB0011}.Release|Any CPU.ActiveCfg = Release|Any CPU
		{A2B1D3E4-5220-4AA2-94F2-2195D2AB0011}.Release|Any CPU.Build.0 = Release|Any CPU
		{A2B1D3E4-5220-4AA2-94F2-2195D2AB0011}.Release|x64.ActiveCfg = Release|Any CPU
		{A2B1D3E4-5220-4AA2-94F2-2195D2AB0011}.Release|x64.Build.0 = Release|Any CPU
		{A2B1D3E4-5220-4AA2-94F2-2195D2AB0011}.Release|x86.ActiveCfg = Release|Any CPU
		{A2B1D3E4-5220-4AA2-94F2-2195D2AB0011}.Release|x86.Build.0 = Release|Any CPU
		{9649C4D4-A883-40D4-B0BF-565911596468}.Debug|Any CPU.ActiveCfg = Debug|Any CPU
		{9649C4D4-A883-40D4-B0BF-565911596468}.Debug|Any CPU.Build.0 = Debug|Any CPU
		{9649C4D4-A883-40D4-B0BF-565911596468}.Debug|x64.ActiveCfg = Debug|Any CPU
		{9649C4D4-A883-40D4-B0BF-565911596468}.Debug|x64.Build.0 = Debug|Any CPU
		{9649C4D4-A883-40D4-B0BF-565911596468}.Debug|x86.ActiveCfg = Debug|Any CPU
		{9649C4D4-A883-40D4-B0BF-565911596468}.Debug|x86.Build.0 = Debug|Any CPU
		{9649C4D4-A883-40D4-B0BF-565911596468}.Release|Any CPU.ActiveCfg = Release|Any CPU
		{9649C4D4-A883-40D4-B0BF-565911596468}.Release|Any CPU.Build.0 = Release|Any CPU
		{9649C4D4-A883-40D4-B0BF-565911596468}.Release|x64.ActiveCfg = Release|Any CPU
		{9649C4D4-A883-40D4-B0BF-565911596468}.Release|x64.Build.0 = Release|Any CPU
		{9649C4D4-A883-40D4-B0BF-565911596468}.Release|x86.ActiveCfg = Release|Any CPU
		{9649C4D4-A883-40D4-B0BF-565911596468}.Release|x86.Build.0 = Release|Any CPU
		{A506A654-2CDF-4DDA-9A4E-2664F34A1744}.Debug|Any CPU.ActiveCfg = Debug|Any CPU
		{A506A654-2CDF-4DDA-9A4E-2664F34A1744}.Debug|Any CPU.Build.0 = Debug|Any CPU
		{A506A654-2CDF-4DDA-9A4E-2664F34A1744}.Debug|x64.ActiveCfg = Debug|Any CPU
		{A506A654-2CDF-4DDA-9A4E-2664F34A1744}.Debug|x64.Build.0 = Debug|Any CPU
		{A506A654-2CDF-4DDA-9A4E-2664F34A1744}.Debug|x86.ActiveCfg = Debug|Any CPU
		{A506A654-2CDF-4DDA-9A4E-2664F34A1744}.Debug|x86.Build.0 = Debug|Any CPU
		{A506A654-2CDF-4DDA-9A4E-2664F34A1744}.Release|Any CPU.ActiveCfg = Release|Any CPU
		{A506A654-2CDF-4DDA-9A4E-2664F34A1744}.Release|Any CPU.Build.0 = Release|Any CPU
		{A506A654-2CDF-4DDA-9A4E-2664F34A1744}.Release|x64.ActiveCfg = Release|Any CPU
		{A506A654-2CDF-4DDA-9A4E-2664F34A1744}.Release|x64.Build.0 = Release|Any CPU
		{A506A654-2CDF-4DDA-9A4E-2664F34A1744}.Release|x86.ActiveCfg = Release|Any CPU
		{A506A654-2CDF-4DDA-9A4E-2664F34A1744}.Release|x86.Build.0 = Release|Any CPU
		{7BDF0AA1-6E3D-4CD4-9D8E-C4CDB6C13FC7}.Debug|Any CPU.ActiveCfg = Debug|Any CPU
		{7BDF0AA1-6E3D-4CD4-9D8E-C4CDB6C13FC7}.Debug|Any CPU.Build.0 = Debug|Any CPU
		{7BDF0AA1-6E3D-4CD4-9D8E-C4CDB6C13FC7}.Debug|x64.ActiveCfg = Debug|Any CPU
		{7BDF0AA1-6E3D-4CD4-9D8E-C4CDB6C13FC7}.Debug|x64.Build.0 = Debug|Any CPU
		{7BDF0AA1-6E3D-4CD4-9D8E-C4CDB6C13FC7}.Debug|x86.ActiveCfg = Debug|Any CPU
		{7BDF0AA1-6E3D-4CD4-9D8E-C4CDB6C13FC7}.Debug|x86.Build.0 = Debug|Any CPU
		{7BDF0AA1-6E3D-4CD4-9D8E-C4CDB6C13FC7}.Release|Any CPU.ActiveCfg = Release|Any CPU
		{7BDF0AA1-6E3D-4CD4-9D8E-C4CDB6C13FC7}.Release|Any CPU.Build.0 = Release|Any CPU
		{7BDF0AA1-6E3D-4CD4-9D8E-C4CDB6C13FC7}.Release|x64.ActiveCfg = Release|Any CPU
		{7BDF0AA1-6E3D-4CD4-9D8E-C4CDB6C13FC7}.Release|x64.Build.0 = Release|Any CPU
		{7BDF0AA1-6E3D-4CD4-9D8E-C4CDB6C13FC7}.Release|x86.ActiveCfg = Release|Any CPU
		{7BDF0AA1-6E3D-4CD4-9D8E-C4CDB6C13FC7}.Release|x86.Build.0 = Release|Any CPU
	EndGlobalSection
	GlobalSection(SolutionProperties) = preSolution
		HideSolutionNode = FALSE
	EndGlobalSection
	GlobalSection(NestedProjects) = preSolution
		{9649C4D4-A883-40D4-B0BF-565911596468} = {827E0CD3-B72D-47B6-A68D-7590B98EB39B}
		{A506A654-2CDF-4DDA-9A4E-2664F34A1744} = {827E0CD3-B72D-47B6-A68D-7590B98EB39B}
		{7BDF0AA1-6E3D-4CD4-9D8E-C4CDB6C13FC7} = {0AB3BF05-4346-4AA6-1389-037BE0695223}
	EndGlobalSection
EndGlobal
